
Microsoft Visual Studio Solution File, Format Version 12.00
# Visual Studio Version 16
VisualStudioVersion = 16.0.31702.278
MinimumVisualStudioVersion = 10.0.40219.1
Project("{FAE04EC0-301F-11D3-BF4B-00C04F79EFBC}") = "AvadaRestaurantFinal", "AvadaRestaurantFinal\AvadaRestaurantFinal.csproj", "{95F50E81-5137-4FF0-B42A-581ADCE8A4C1}"
EndProject
Global
	GlobalSection(SolutionConfigurationPlatforms) = preSolution
		Debug|Any CPU = Debug|Any CPU
		Release|Any CPU = Release|Any CPU
	EndGlobalSection
	GlobalSection(ProjectConfigurationPlatforms) = postSolution
		{95F50E81-5137-4FF0-B42A-581ADCE8A4C1}.Debug|Any CPU.ActiveCfg = Debug|Any CPU
		{95F50E81-5137-4FF0-B42A-581ADCE8A4C1}.Debug|Any CPU.Build.0 = Debug|Any CPU
		{95F50E81-5137-4FF0-B42A-581ADCE8A4C1}.Release|Any CPU.ActiveCfg = Release|Any CPU
		{95F50E81-5137-4FF0-B42A-581ADCE8A4C1}.Release|Any CPU.Build.0 = Release|Any CPU
	EndGlobalSection
	GlobalSection(SolutionProperties) = preSolution
		HideSolutionNode = FALSE
	EndGlobalSection
	GlobalSection(ExtensibilityGlobals) = postSolution
		SolutionGuid = {B1E254F4-1FA8-416E-8DB6-9B1CF8E46B83}
	EndGlobalSection
EndGlobal
